# THIS IS AN AUTOGENERATED FILE. DO NOT EDIT THIS FILE DIRECTLY.
# yarn lockfile v1


express-rate-limit@^8.2.1:
  version "8.2.1"
  resolved "https://registry.yarnpkg.com/express-rate-limit/-/express-rate-limit-8.2.1.tgz#ec75fdfe280ecddd762b8da8784c61bae47d7f7f"
  integrity sha512-PCZEIEIxqwhzw4KF0n7QF4QqruVTcF73O5kFKUnGOyjbCCgizBBiFaYpd/fnBLUMPw/BWw9OsiN7GgrNYr7j6g==
  dependencies:
    ip-address "10.0.1"

ip-address@10.0.1:
  version "10.0.1"
  resolved "https://registry.yarnpkg.com/ip-address/-/ip-address-10.0.1.tgz#a8180b783ce7788777d796286d61bce4276818ed"
  integrity sha512-NWv9YLW4PoW2B7xtzaS3NCot75m6nK7Icdv0o3lfMceJVRfSoQwqD4wEH5rLwoKJwUiZ/rfpiVBhnaF0FK4HoA==
